<?xml version="1.0" encoding="utf-8"?>
<Project ToolsVersion="4.0" xmlns="http://schemas.microsoft.com/developer/msbuild/2003">
  <ItemGroup>
    <Filter Include="Source Files">
      <UniqueIdentifier>{4FC737F1-C7A5-4376-A066-2A32D752A2FF}</UniqueIdentifier>
      <Extensions>cpp;c;cc;cxx;def;odl;idl;hpj;bat;asm;asmx</Extensions>
    </Filter>
    <Filter Include="Header Files">
      <UniqueIdentifier>{93995380-89BD-4b04-88EB-625FBE52EBFB}</UniqueIdentifier>
      <Extensions>h;hh;hpp;hxx;hm;inl;inc;ipp;xsd</Extensions>
    </Filter>
    <Filter Include="Resource Files">
      <UniqueIdentifier>{67DA6AB6-F800-4c08-8B7A-83BB121AAD01}</UniqueIdentifier>
      <Extensions>rc;ico;cur;bmp;dlg;rc2;rct;bin;rgs;gif;jpg;jpeg;jpe;resx;tiff;tif;png;wav;mfcribbon-ms</Extensions>
    </Filter>
  </ItemGroup>
  <ItemGroup>
    <ClCompile Include="LastPass.cpp">
      <Filter>Source Files</Filter>
    </ClCompile>
    <ClCompile Include="Groups.cpp">
      <Filter>Source Files</Filter>
    </ClCompile>
    <ClCompile Include="Language.cpp">
      <Filter>Source Files</Filter>
    </ClCompile>
    <ClCompile Include="LastPassApp.cpp">
      <Filter>Source Files</Filter>
    </ClCompile>
    <ClCompile Include="Commands.cpp">
      <Filter>Source Files</Filter>
    </ClCompile>
    <ClCompile Include="KpPort.cpp">
      <Filter>Source Files</Filter>
    </ClCompile>
    <ClCompile Include="LpPort.cpp">
      <Filter>Source Files</Filter>
    </ClCompile>
    <ClCompile Include="LpRecord.cpp">
      <Filter>Source Files</Filter>
    </ClCompile>
    <ClCompile Include="KpRecord.cpp">
      <Filter>Source Files</Filter>
    </ClCompile>
    <ClCompile Include="KpIter.cpp">
      <Filter>Source Files</Filter>
    </ClCompile>
    <ClCompile Include="Duplicates.cpp">
      <Filter>Source Files</Filter>
    </ClCompile>
    <ClCompile Include="Picker.cpp">
      <Filter>Source Files</Filter>
    </ClCompile>
    <ClCompile Include="Menu.cpp">
      <Filter>Source Files</Filter>
    </ClCompile>
    <ClCompile Include="..\Extras\AboutDlg.cpp">
      <Filter>Source Files</Filter>
    </ClCompile>
    <ClCompile Include="pch.cpp">
      <Filter>Source Files</Filter>
    </ClCompile>
    <ClCompile Include="CSVLexF.cpp">
      <Filter>Source Files</Filter>
    </ClCompile>
    <ClCompile Include="CSVOutF.cpp">
      <Filter>Source Files</Filter>
    </ClCompile>
  </ItemGroup>
  <ItemGroup>
    <None Include="res\LastPass.rc2">
      <Filter>Resource Files</Filter>
    </None>
    <None Include="LastPass.def">
      <Filter>Resource Files</Filter>
    </None>
    <None Include="..\Extras\AboutDlg.rc2">
      <Filter>Resource Files</Filter>
    </None>
  </ItemGroup>
  <ItemGroup>
    <ClInclude Include="Resource.h">
      <Filter>Header Files</Filter>
    </ClInclude>
    <ClInclude Include="LastPass.h">
      <Filter>Header Files</Filter>
    </ClInclude>
    <ClInclude Include="Groups.h">
      <Filter>Header Files</Filter>
    </ClInclude>
    <ClInclude Include="std.h">
      <Filter>Header Files</Filter>
    </ClInclude>
    <ClInclude Include="Language.h">
      <Filter>Header Files</Filter>
    </ClInclude>
    <ClInclude Include="LastPassApp.h">
      <Filter>Header Files</Filter>
    </ClInclude>
    <ClInclude Include="Commands.h">
      <Filter>Header Files</Filter>
    </ClInclude>
    <ClInclude Include="KpPort.h">
      <Filter>Header Files</Filter>
    </ClInclude>
    <ClInclude Include="LpPort.h">
      <Filter>Header Files</Filter>
    </ClInclude>
    <ClInclude Include="LpRecord.h">
      <Filter>Header Files</Filter>
    </ClInclude>
    <ClInclude Include="KpRecord.h">
      <Filter>Header Files</Filter>
    </ClInclude>
    <ClInclude Include="KpIter.h">
      <Filter>Header Files</Filter>
    </ClInclude>
    <ClInclude Include="Duplicates.h">
      <Filter>Header Files</Filter>
    </ClInclude>
    <ClInclude Include="Picker.h">
      <Filter>Header Files</Filter>
    </ClInclude>
    <ClInclude Include="targetver.h">
      <Filter>Header Files</Filter>
    </ClInclude>
    <ClInclude Include="Menu.h">
      <Filter>Header Files</Filter>
    </ClInclude>
    <ClInclude Include="..\Extras\ExtraResource.h">
      <Filter>Header Files</Filter>
    </ClInclude>
    <ClInclude Include="KeePassSDK.h">
      <Filter>Header Files</Filter>
    </ClInclude>
    <ClInclude Include="..\Extras\AboutDlg.h">
      <Filter>Header Files</Filter>
    </ClInclude>
    <ClInclude Include="framework.h">
      <Filter>Header Files</Filter>
    </ClInclude>
    <ClInclude Include="pch.h">
      <Filter>Header Files</Filter>
    </ClInclude>
    <ClInclude Include="CSVLexF.h">
      <Filter>Header Files</Filter>
    </ClInclude>
    <ClInclude Include="CSVOutF.h">
      <Filter>Header Files</Filter>
    </ClInclude>
  </ItemGroup>
  <ItemGroup>
    <ResourceCompile Include="LastPass.rc">
      <Filter>Resource Files</Filter>
    </ResourceCompile>
  </ItemGroup>
</Project>