<?xml version="1.0" encoding="utf-8"?>
<Project ToolsVersion="4.0" xmlns="http://schemas.microsoft.com/developer/msbuild/2003">
  <ItemGroup>
    <Filter Include="Source Files">
      <UniqueIdentifier>{4FC737F1-C7A5-4376-A066-2A32D752A2FF}</UniqueIdentifier>
      <Extensions>cpp;c;cc;cxx;def;odl;idl;hpj;bat;asm;asmx</Extensions>
    </Filter>
    <Filter Include="Header Files">
      <UniqueIdentifier>{93995380-89BD-4b04-88EB-625FBE52EBFB}</UniqueIdentifier>
      <Extensions>h;hh;hpp;hxx;hm;inl;inc;ipp;xsd</Extensions>
    </Filter>
    <Filter Include="Resource Files">
      <UniqueIdentifier>{67DA6AB6-F800-4c08-8B7A-83BB121AAD01}</UniqueIdentifier>
      <Extensions>rc;ico;cur;bmp;dlg;rc2;rct;bin;rgs;gif;jpg;jpeg;jpe;resx;tiff;tif;png;wav;mfcribbon-ms</Extensions>
    </Filter>
  </ItemGroup>
  <ItemGroup>
    <ClInclude Include="framework.h">
      <Filter>Header Files</Filter>
    </ClInclude>
    <ClInclude Include="targetver.h">
      <Filter>Header Files</Filter>
    </ClInclude>
    <ClInclude Include="Resource.h">
      <Filter>Header Files</Filter>
    </ClInclude>
    <ClInclude Include="pch.h">
      <Filter>Header Files</Filter>
    </ClInclude>
    <ClInclude Include="..\..\Library\Extras\OptionsDlg.h">
      <Filter>Header Files</Filter>
    </ClInclude>
    <ClInclude Include="LeePass.h">
      <Filter>Header Files</Filter>
    </ClInclude>
    <ClInclude Include="..\..\Library\Extras\ResourceExtra.h">
      <Filter>Header Files</Filter>
    </ClInclude>
    <ClInclude Include="LeePassDlg.h">
      <Filter>Header Files</Filter>
    </ClInclude>
    <ClInclude Include="MyToolBar.h">
      <Filter>Header Files</Filter>
    </ClInclude>
    <ClInclude Include="PasswordDlg.h">
      <Filter>Header Files</Filter>
    </ClInclude>
    <ClInclude Include="Groups.h">
      <Filter>Header Files</Filter>
    </ClInclude>
    <ClInclude Include="KpFldLngs.h">
      <Filter>Header Files</Filter>
    </ClInclude>
    <ClInclude Include="KpIter.h">
      <Filter>Header Files</Filter>
    </ClInclude>
    <ClInclude Include="KpLib.h">
      <Filter>Header Files</Filter>
    </ClInclude>
    <ClInclude Include="Record.h">
      <Filter>Header Files</Filter>
    </ClInclude>
    <ClInclude Include="KpStringFld.h">
      <Filter>Header Files</Filter>
    </ClInclude>
    <ClInclude Include="KpBinaryFld.h">
      <Filter>Header Files</Filter>
    </ClInclude>
    <ClInclude Include="KpCBxFld.h">
      <Filter>Header Files</Filter>
    </ClInclude>
    <ClInclude Include="KpID.h">
      <Filter>Header Files</Filter>
    </ClInclude>
    <ClInclude Include="PasswordNewDlg.h">
      <Filter>Header Files</Filter>
    </ClInclude>
    <ClInclude Include="AboutDlgKp.h">
      <Filter>Header Files</Filter>
    </ClInclude>
    <ClInclude Include="KpDate.h">
      <Filter>Header Files</Filter>
    </ClInclude>
    <ClInclude Include="Remove.h">
      <Filter>Header Files</Filter>
    </ClInclude>
  </ItemGroup>
  <ItemGroup>
    <ClCompile Include="pch.cpp">
      <Filter>Source Files</Filter>
    </ClCompile>
    <ClCompile Include="..\..\Library\Extras\OptionsDlg.cpp">
      <Filter>Source Files</Filter>
    </ClCompile>
    <ClCompile Include="LeePass.cpp">
      <Filter>Source Files</Filter>
    </ClCompile>
    <ClCompile Include="LeePassDlg.cpp">
      <Filter>Source Files</Filter>
    </ClCompile>
    <ClCompile Include="MyToolBar.cpp">
      <Filter>Source Files</Filter>
    </ClCompile>
    <ClCompile Include="PasswordDlg.cpp">
      <Filter>Source Files</Filter>
    </ClCompile>
    <ClCompile Include="Groups.cpp">
      <Filter>Source Files</Filter>
    </ClCompile>
    <ClCompile Include="KpFldLngs.cpp">
      <Filter>Source Files</Filter>
    </ClCompile>
    <ClCompile Include="KpIter.cpp">
      <Filter>Source Files</Filter>
    </ClCompile>
    <ClCompile Include="KpLib.cpp">
      <Filter>Source Files</Filter>
    </ClCompile>
    <ClCompile Include="Record.cpp">
      <Filter>Source Files</Filter>
    </ClCompile>
    <ClCompile Include="KpStringFld.cpp">
      <Filter>Source Files</Filter>
    </ClCompile>
    <ClCompile Include="KpBinaryFld.cpp">
      <Filter>Source Files</Filter>
    </ClCompile>
    <ClCompile Include="KpCBxFld.cpp">
      <Filter>Source Files</Filter>
    </ClCompile>
    <ClCompile Include="PasswordNewDlg.cpp">
      <Filter>Source Files</Filter>
    </ClCompile>
    <ClCompile Include="AboutDlgKp.cpp">
      <Filter>Source Files</Filter>
    </ClCompile>
    <ClCompile Include="KpDate.cpp">
      <Filter>Source Files</Filter>
    </ClCompile>
    <ClCompile Include="Remove.cpp">
      <Filter>Source Files</Filter>
    </ClCompile>
  </ItemGroup>
  <ItemGroup>
    <ResourceCompile Include="LeePass.rc">
      <Filter>Resource Files</Filter>
    </ResourceCompile>
  </ItemGroup>
  <ItemGroup>
    <None Include="..\..\Library\Extras\Options.rc2">
      <Filter>Resource Files</Filter>
    </None>
    <None Include="res\LeePass.rc2">
      <Filter>Resource Files</Filter>
    </None>
    <None Include="C:\Users\rrvt\AppData\Roaming\LeePass\LeePass.ini" />
    <None Include="..\README.md" />
    <None Include="res\AboutDlgKp.rc2">
      <Filter>Resource Files</Filter>
    </None>
    <None Include="..\Data\example.csv" />
    <None Include="..\Data\Example2.csv" />
    <None Include="..\Data\example3.csv" />
  </ItemGroup>
  <ItemGroup>
    <Image Include="res\LeePass.ico">
      <Filter>Resource Files</Filter>
    </Image>
    <Image Include="res\Toolbar.bmp">
      <Filter>Resource Files</Filter>
    </Image>
  </ItemGroup>
</Project>